
Microsoft Visual Studio Solution File, Format Version 12.00
# Visual Studio Version 17
VisualStudioVersion = 17.10.34916.146
MinimumVisualStudioVersion = 10.0.40219.1
Project("{9A19103F-16F7-4668-BE54-9A1E7A4F7556}") = "01.FreezingWeather", "01.FreezingWeather\01.FreezingWeather.csproj", "{16D98E73-E525-4FD1-B7EE-75CAAC8A9A0E}"
EndProject
Project("{9A19103F-16F7-4668-BE54-9A1E7A4F7556}") = "02.EvenOrOdd", "02.EvenOrOdd\02.EvenOrOdd.csproj", "{40C1A83C-6D35-42B3-802F-FB364C1FD0DD}"
EndProject
Project("{9A19103F-16F7-4668-BE54-9A1E7A4F7556}") = "03.Nums1-9AsWords", "03.Nums1-9AsWords\03.Nums1-9AsWords.csproj", "{2D955AEE-EA85-43EF-9F54-8A77C7C9C3E9}"
EndProject
Project("{9A19103F-16F7-4668-BE54-9A1E7A4F7556}") = "04.GreaterNumber", "04.GreaterNumber\04.GreaterNumber.csproj", "{2F1B4138-9991-4D33-85EF-FA3DDC218019}"
EndProject
Project("{FAE04EC0-301F-11D3-BF4B-00C04F79EFBC}") = "05.GuessThePass", "05.GuessThePass\05.GuessThePass.csproj", "{05155187-849A-483A-8C29-5A30F04146D8}"
EndProject
Global
	GlobalSection(SolutionConfigurationPlatforms) = preSolution
		Debug|Any CPU = Debug|Any CPU
		Release|Any CPU = Release|Any CPU
	EndGlobalSection
	GlobalSection(ProjectConfigurationPlatforms) = postSolution
		{16D98E73-E525-4FD1-B7EE-75CAAC8A9A0E}.Debug|Any CPU.ActiveCfg = Debug|Any CPU
		{16D98E73-E525-4FD1-B7EE-75CAAC8A9A0E}.Debug|Any CPU.Build.0 = Debug|Any CPU
		{16D98E73-E525-4FD1-B7EE-75CAAC8A9A0E}.Release|Any CPU.ActiveCfg = Release|Any CPU
		{16D98E73-E525-4FD1-B7EE-75CAAC8A9A0E}.Release|Any CPU.Build.0 = Release|Any CPU
		{40C1A83C-6D35-42B3-802F-FB364C1FD0DD}.Debug|Any CPU.ActiveCfg = Debug|Any CPU
		{40C1A83C-6D35-42B3-802F-FB364C1FD0DD}.Debug|Any CPU.Build.0 = Debug|Any CPU
		{40C1A83C-6D35-42B3-802F-FB364C1FD0DD}.Release|Any CPU.ActiveCfg = Release|Any CPU
		{40C1A83C-6D35-42B3-802F-FB364C1FD0DD}.Release|Any CPU.Build.0 = Release|Any CPU
		{2D955AEE-EA85-43EF-9F54-8A77C7C9C3E9}.Debug|Any CPU.ActiveCfg = Debug|Any CPU
		{2D955AEE-EA85-43EF-9F54-8A77C7C9C3E9}.Debug|Any CPU.Build.0 = Debug|Any CPU
		{2D955AEE-EA85-43EF-9F54-8A77C7C9C3E9}.Release|Any CPU.ActiveCfg = Release|Any CPU
		{2D955AEE-EA85-43EF-9F54-8A77C7C9C3E9}.Release|Any CPU.Build.0 = Release|Any CPU
		{2F1B4138-9991-4D33-85EF-FA3DDC218019}.Debug|Any CPU.ActiveCfg = Debug|Any CPU
		{2F1B4138-9991-4D33-85EF-FA3DDC218019}.Debug|Any CPU.Build.0 = Debug|Any CPU
		{2F1B4138-9991-4D33-85EF-FA3DDC218019}.Release|Any CPU.ActiveCfg = Release|Any CPU
		{2F1B4138-9991-4D33-85EF-FA3DDC218019}.Release|Any CPU.Build.0 = Release|Any CPU
		{05155187-849A-483A-8C29-5A30F04146D8}.Debug|Any CPU.ActiveCfg = Debug|Any CPU
		{05155187-849A-483A-8C29-5A30F04146D8}.Debug|Any CPU.Build.0 = Debug|Any CPU
		{05155187-849A-483A-8C29-5A30F04146D8}.Release|Any CPU.ActiveCfg = Release|Any CPU
		{05155187-849A-483A-8C29-5A30F04146D8}.Release|Any CPU.Build.0 = Release|Any CPU
	EndGlobalSection
	GlobalSection(SolutionProperties) = preSolution
		HideSolutionNode = FALSE
	EndGlobalSection
	GlobalSection(ExtensibilityGlobals) = postSolution
		SolutionGuid = {2368D5FE-E06C-4697-B4EB-A84AE25DF3DD}
	EndGlobalSection
EndGlobal
