
Microsoft Visual Studio Solution File, Format Version 12.00
# Visual Studio Version 17
VisualStudioVersion = 17.10.34916.146
MinimumVisualStudioVersion = 10.0.40219.1
Project("{FAE04EC0-301F-11D3-BF4B-00C04F79EFBC}") = "07.Lab-SimpleConditionalStatements", "07.Lab-SimpleConditionalStatements\07.Lab-SimpleConditionalStatements.csproj", "{B2BA1F70-4DB4-4DC6-AC68-D7730C50A051}"
EndProject
Global
	GlobalSection(SolutionConfigurationPlatforms) = preSolution
		Debug|Any CPU = Debug|Any CPU
		Release|Any CPU = Release|Any CPU
	EndGlobalSection
	GlobalSection(ProjectConfigurationPlatforms) = postSolution
		{B2BA1F70-4DB4-4DC6-AC68-D7730C50A051}.Debug|Any CPU.ActiveCfg = Debug|Any CPU
		{B2BA1F70-4DB4-4DC6-AC68-D7730C50A051}.Debug|Any CPU.Build.0 = Debug|Any CPU
		{B2BA1F70-4DB4-4DC6-AC68-D7730C50A051}.Release|Any CPU.ActiveCfg = Release|Any CPU
		{B2BA1F70-4DB4-4DC6-AC68-D7730C50A051}.Release|Any CPU.Build.0 = Release|Any CPU
	EndGlobalSection
	GlobalSection(SolutionProperties) = preSolution
		HideSolutionNode = FALSE
	EndGlobalSection
	GlobalSection(ExtensibilityGlobals) = postSolution
		SolutionGuid = {D6E8A761-B2EA-4CAF-A488-E09F1B3D3168}
	EndGlobalSection
EndGlobal
