
Microsoft Visual Studio Solution File, Format Version 12.00
# Visual Studio Version 17
VisualStudioVersion = 17.10.34916.146
MinimumVisualStudioVersion = 10.0.40219.1
Project("{9A19103F-16F7-4668-BE54-9A1E7A4F7556}") = "01.ReversedNumbers", "01.ReversedNumbers\01.ReversedNumbers.csproj", "{3239AE91-0AB1-40B7-B871-6A5E5B1B6C3C}"
EndProject
Project("{9A19103F-16F7-4668-BE54-9A1E7A4F7556}") = "02.CenturiesToMinutes", "02.CenturiesToMinutes\02.CenturiesToMinutes.csproj", "{6AE9F6C3-C55C-495C-81D4-E74560241C95}"
EndProject
Project("{9A19103F-16F7-4668-BE54-9A1E7A4F7556}") = "03.Redecorating", "03.Redecorating\03.Redecorating.csproj", "{DBBA1263-1AC6-44B3-AA00-A0F542F3F380}"
EndProject
Project("{9A19103F-16F7-4668-BE54-9A1E7A4F7556}") = "04.FoodDelivery", "04.FoodDelivery\04.FoodDelivery.csproj", "{CAA116D0-5E30-4A5C-883C-D9C8ABAC6D89}"
EndProject
Project("{FAE04EC0-301F-11D3-BF4B-00C04F79EFBC}") = "05.BasketballEquipment", "05.BasketballEquipment\05.BasketballEquipment.csproj", "{F9034D3C-3147-468A-8B0C-C0C694EB115B}"
EndProject
Global
	GlobalSection(SolutionConfigurationPlatforms) = preSolution
		Debug|Any CPU = Debug|Any CPU
		Release|Any CPU = Release|Any CPU
	EndGlobalSection
	GlobalSection(ProjectConfigurationPlatforms) = postSolution
		{3239AE91-0AB1-40B7-B871-6A5E5B1B6C3C}.Debug|Any CPU.ActiveCfg = Debug|Any CPU
		{3239AE91-0AB1-40B7-B871-6A5E5B1B6C3C}.Debug|Any CPU.Build.0 = Debug|Any CPU
		{3239AE91-0AB1-40B7-B871-6A5E5B1B6C3C}.Release|Any CPU.ActiveCfg = Release|Any CPU
		{3239AE91-0AB1-40B7-B871-6A5E5B1B6C3C}.Release|Any CPU.Build.0 = Release|Any CPU
		{6AE9F6C3-C55C-495C-81D4-E74560241C95}.Debug|Any CPU.ActiveCfg = Debug|Any CPU
		{6AE9F6C3-C55C-495C-81D4-E74560241C95}.Debug|Any CPU.Build.0 = Debug|Any CPU
		{6AE9F6C3-C55C-495C-81D4-E74560241C95}.Release|Any CPU.ActiveCfg = Release|Any CPU
		{6AE9F6C3-C55C-495C-81D4-E74560241C95}.Release|Any CPU.Build.0 = Release|Any CPU
		{DBBA1263-1AC6-44B3-AA00-A0F542F3F380}.Debug|Any CPU.ActiveCfg = Debug|Any CPU
		{DBBA1263-1AC6-44B3-AA00-A0F542F3F380}.Debug|Any CPU.Build.0 = Debug|Any CPU
		{DBBA1263-1AC6-44B3-AA00-A0F542F3F380}.Release|Any CPU.ActiveCfg = Release|Any CPU
		{DBBA1263-1AC6-44B3-AA00-A0F542F3F380}.Release|Any CPU.Build.0 = Release|Any CPU
		{CAA116D0-5E30-4A5C-883C-D9C8ABAC6D89}.Debug|Any CPU.ActiveCfg = Debug|Any CPU
		{CAA116D0-5E30-4A5C-883C-D9C8ABAC6D89}.Debug|Any CPU.Build.0 = Debug|Any CPU
		{CAA116D0-5E30-4A5C-883C-D9C8ABAC6D89}.Release|Any CPU.ActiveCfg = Release|Any CPU
		{CAA116D0-5E30-4A5C-883C-D9C8ABAC6D89}.Release|Any CPU.Build.0 = Release|Any CPU
		{F9034D3C-3147-468A-8B0C-C0C694EB115B}.Debug|Any CPU.ActiveCfg = Debug|Any CPU
		{F9034D3C-3147-468A-8B0C-C0C694EB115B}.Debug|Any CPU.Build.0 = Debug|Any CPU
		{F9034D3C-3147-468A-8B0C-C0C694EB115B}.Release|Any CPU.ActiveCfg = Release|Any CPU
		{F9034D3C-3147-468A-8B0C-C0C694EB115B}.Release|Any CPU.Build.0 = Release|Any CPU
	EndGlobalSection
	GlobalSection(SolutionProperties) = preSolution
		HideSolutionNode = FALSE
	EndGlobalSection
	GlobalSection(ExtensibilityGlobals) = postSolution
		SolutionGuid = {BC4C2F2F-B9BA-489C-8B32-05346B797EFB}
	EndGlobalSection
EndGlobal
