
Microsoft Visual Studio Solution File, Format Version 12.00
# Visual Studio Version 17
VisualStudioVersion = 17.10.34916.146
MinimumVisualStudioVersion = 10.0.40219.1
Project("{9A19103F-16F7-4668-BE54-9A1E7A4F7556}") = "01.DayOfWeek", "01.DayOfWeek\01.DayOfWeek.csproj", "{C44F3D18-75CD-49EE-BD9D-4C60A3C628AA}"
EndProject
Project("{9A19103F-16F7-4668-BE54-9A1E7A4F7556}") = "02.SumAnArray", "02.SumAnArray\02.SumAnArray.csproj", "{230FD98A-3A01-4514-9642-35BBE70E2413}"
EndProject
Project("{9A19103F-16F7-4668-BE54-9A1E7A4F7556}") = "03.ReverseAnArray", "03.ReverseAnArray\03.ReverseAnArray.csproj", "{62E7D6FF-596A-4AE3-97A0-41315FAA13E0}"
EndProject
Project("{FAE04EC0-301F-11D3-BF4B-00C04F79EFBC}") = "04.EvenAndOddSubtraction", "04.EvenAndOddSubtraction\04.EvenAndOddSubtraction.csproj", "{3A3614F9-3679-443A-963F-998C0C784968}"
EndProject
Global
	GlobalSection(SolutionConfigurationPlatforms) = preSolution
		Debug|Any CPU = Debug|Any CPU
		Release|Any CPU = Release|Any CPU
	EndGlobalSection
	GlobalSection(ProjectConfigurationPlatforms) = postSolution
		{C44F3D18-75CD-49EE-BD9D-4C60A3C628AA}.Debug|Any CPU.ActiveCfg = Debug|Any CPU
		{C44F3D18-75CD-49EE-BD9D-4C60A3C628AA}.Debug|Any CPU.Build.0 = Debug|Any CPU
		{C44F3D18-75CD-49EE-BD9D-4C60A3C628AA}.Release|Any CPU.ActiveCfg = Release|Any CPU
		{C44F3D18-75CD-49EE-BD9D-4C60A3C628AA}.Release|Any CPU.Build.0 = Release|Any CPU
		{230FD98A-3A01-4514-9642-35BBE70E2413}.Debug|Any CPU.ActiveCfg = Debug|Any CPU
		{230FD98A-3A01-4514-9642-35BBE70E2413}.Debug|Any CPU.Build.0 = Debug|Any CPU
		{230FD98A-3A01-4514-9642-35BBE70E2413}.Release|Any CPU.ActiveCfg = Release|Any CPU
		{230FD98A-3A01-4514-9642-35BBE70E2413}.Release|Any CPU.Build.0 = Release|Any CPU
		{62E7D6FF-596A-4AE3-97A0-41315FAA13E0}.Debug|Any CPU.ActiveCfg = Debug|Any CPU
		{62E7D6FF-596A-4AE3-97A0-41315FAA13E0}.Debug|Any CPU.Build.0 = Debug|Any CPU
		{62E7D6FF-596A-4AE3-97A0-41315FAA13E0}.Release|Any CPU.ActiveCfg = Release|Any CPU
		{62E7D6FF-596A-4AE3-97A0-41315FAA13E0}.Release|Any CPU.Build.0 = Release|Any CPU
		{3A3614F9-3679-443A-963F-998C0C784968}.Debug|Any CPU.ActiveCfg = Debug|Any CPU
		{3A3614F9-3679-443A-963F-998C0C784968}.Debug|Any CPU.Build.0 = Debug|Any CPU
		{3A3614F9-3679-443A-963F-998C0C784968}.Release|Any CPU.ActiveCfg = Release|Any CPU
		{3A3614F9-3679-443A-963F-998C0C784968}.Release|Any CPU.Build.0 = Release|Any CPU
	EndGlobalSection
	GlobalSection(SolutionProperties) = preSolution
		HideSolutionNode = FALSE
	EndGlobalSection
	GlobalSection(ExtensibilityGlobals) = postSolution
		SolutionGuid = {3DEA299D-5685-4293-88E7-6C70D230D318}
	EndGlobalSection
EndGlobal
