
Microsoft Visual Studio Solution File, Format Version 12.00
# Visual Studio Version 17
VisualStudioVersion = 17.10.34916.146
MinimumVisualStudioVersion = 10.0.40219.1
Project("{9A19103F-16F7-4668-BE54-9A1E7A4F7556}") = "01.NumberType", "01.NumberType\01.NumberType.csproj", "{8265E761-E1FE-4E4B-BE5A-27C8C30D9339}"
EndProject
Project("{9A19103F-16F7-4668-BE54-9A1E7A4F7556}") = "02.ATM", "02.ATM\02.ATM.csproj", "{27A0CC56-6F6A-417E-86A9-1240387285DD}"
EndProject
Project("{9A19103F-16F7-4668-BE54-9A1E7A4F7556}") = "03.BiggestOf5Nums", "03.BiggestOf5Nums\03.BiggestOf5Nums.csproj", "{5E2815A3-C9D6-4ADE-86D4-1539ABF0E26B}"
EndProject
Project("{9A19103F-16F7-4668-BE54-9A1E7A4F7556}") = "04.NumberOperations", "04.NumberOperations\04.NumberOperations.csproj", "{9EA3E67A-D7CA-460C-BD68-895C8A01414C}"
EndProject
Project("{FAE04EC0-301F-11D3-BF4B-00C04F79EFBC}") = "05.VacationExpenses", "05.VacationExpenses\05.VacationExpenses.csproj", "{480FD9F8-2F0F-4317-8876-5C63818166E0}"
EndProject
Global
	GlobalSection(SolutionConfigurationPlatforms) = preSolution
		Debug|Any CPU = Debug|Any CPU
		Release|Any CPU = Release|Any CPU
	EndGlobalSection
	GlobalSection(ProjectConfigurationPlatforms) = postSolution
		{8265E761-E1FE-4E4B-BE5A-27C8C30D9339}.Debug|Any CPU.ActiveCfg = Debug|Any CPU
		{8265E761-E1FE-4E4B-BE5A-27C8C30D9339}.Debug|Any CPU.Build.0 = Debug|Any CPU
		{8265E761-E1FE-4E4B-BE5A-27C8C30D9339}.Release|Any CPU.ActiveCfg = Release|Any CPU
		{8265E761-E1FE-4E4B-BE5A-27C8C30D9339}.Release|Any CPU.Build.0 = Release|Any CPU
		{27A0CC56-6F6A-417E-86A9-1240387285DD}.Debug|Any CPU.ActiveCfg = Debug|Any CPU
		{27A0CC56-6F6A-417E-86A9-1240387285DD}.Debug|Any CPU.Build.0 = Debug|Any CPU
		{27A0CC56-6F6A-417E-86A9-1240387285DD}.Release|Any CPU.ActiveCfg = Release|Any CPU
		{27A0CC56-6F6A-417E-86A9-1240387285DD}.Release|Any CPU.Build.0 = Release|Any CPU
		{5E2815A3-C9D6-4ADE-86D4-1539ABF0E26B}.Debug|Any CPU.ActiveCfg = Debug|Any CPU
		{5E2815A3-C9D6-4ADE-86D4-1539ABF0E26B}.Debug|Any CPU.Build.0 = Debug|Any CPU
		{5E2815A3-C9D6-4ADE-86D4-1539ABF0E26B}.Release|Any CPU.ActiveCfg = Release|Any CPU
		{5E2815A3-C9D6-4ADE-86D4-1539ABF0E26B}.Release|Any CPU.Build.0 = Release|Any CPU
		{9EA3E67A-D7CA-460C-BD68-895C8A01414C}.Debug|Any CPU.ActiveCfg = Debug|Any CPU
		{9EA3E67A-D7CA-460C-BD68-895C8A01414C}.Debug|Any CPU.Build.0 = Debug|Any CPU
		{9EA3E67A-D7CA-460C-BD68-895C8A01414C}.Release|Any CPU.ActiveCfg = Release|Any CPU
		{9EA3E67A-D7CA-460C-BD68-895C8A01414C}.Release|Any CPU.Build.0 = Release|Any CPU
		{480FD9F8-2F0F-4317-8876-5C63818166E0}.Debug|Any CPU.ActiveCfg = Debug|Any CPU
		{480FD9F8-2F0F-4317-8876-5C63818166E0}.Debug|Any CPU.Build.0 = Debug|Any CPU
		{480FD9F8-2F0F-4317-8876-5C63818166E0}.Release|Any CPU.ActiveCfg = Release|Any CPU
		{480FD9F8-2F0F-4317-8876-5C63818166E0}.Release|Any CPU.Build.0 = Release|Any CPU
	EndGlobalSection
	GlobalSection(SolutionProperties) = preSolution
		HideSolutionNode = FALSE
	EndGlobalSection
	GlobalSection(ExtensibilityGlobals) = postSolution
		SolutionGuid = {B28C8210-A6E6-4F9C-8BD3-7933678F51A4}
	EndGlobalSection
EndGlobal
