
Microsoft Visual Studio Solution File, Format Version 12.00
# Visual Studio Version 17
VisualStudioVersion = 17.10.34916.146
MinimumVisualStudioVersion = 10.0.40219.1
Project("{FAE04EC0-301F-11D3-BF4B-00C04F79EFBC}") = "01.TextReading", "01.TextReading\01.TextReading.csproj", "{38AC681C-DEDD-4E8A-824D-12A34F171C7F}"
EndProject
Project("{FAE04EC0-301F-11D3-BF4B-00C04F79EFBC}") = "02.SquareArea", "02.SquareArea\02.SquareArea.csproj", "{0E9A9ED3-B7B5-4A38-97F7-998524C45AFD}"
EndProject
Global
	GlobalSection(SolutionConfigurationPlatforms) = preSolution
		Debug|Any CPU = Debug|Any CPU
		Release|Any CPU = Release|Any CPU
	EndGlobalSection
	GlobalSection(ProjectConfigurationPlatforms) = postSolution
		{38AC681C-DEDD-4E8A-824D-12A34F171C7F}.Debug|Any CPU.ActiveCfg = Debug|Any CPU
		{38AC681C-DEDD-4E8A-824D-12A34F171C7F}.Debug|Any CPU.Build.0 = Debug|Any CPU
		{38AC681C-DEDD-4E8A-824D-12A34F171C7F}.Release|Any CPU.ActiveCfg = Release|Any CPU
		{38AC681C-DEDD-4E8A-824D-12A34F171C7F}.Release|Any CPU.Build.0 = Release|Any CPU
		{0E9A9ED3-B7B5-4A38-97F7-998524C45AFD}.Debug|Any CPU.ActiveCfg = Debug|Any CPU
		{0E9A9ED3-B7B5-4A38-97F7-998524C45AFD}.Debug|Any CPU.Build.0 = Debug|Any CPU
		{0E9A9ED3-B7B5-4A38-97F7-998524C45AFD}.Release|Any CPU.ActiveCfg = Release|Any CPU
		{0E9A9ED3-B7B5-4A38-97F7-998524C45AFD}.Release|Any CPU.Build.0 = Release|Any CPU
	EndGlobalSection
	GlobalSection(SolutionProperties) = preSolution
		HideSolutionNode = FALSE
	EndGlobalSection
	GlobalSection(ExtensibilityGlobals) = postSolution
		SolutionGuid = {E903B140-756A-4FAB-964D-2FFEDB6F920A}
	EndGlobalSection
EndGlobal
