
Microsoft Visual Studio Solution File, Format Version 12.00
# Visual Studio Version 17
VisualStudioVersion = 17.10.34916.146
MinimumVisualStudioVersion = 10.0.40219.1
Project("{9A19103F-16F7-4668-BE54-9A1E7A4F7556}") = "01.StupidPasswords", "01.StupidPasswords\01.StupidPasswords.csproj", "{2753A92F-B1D1-4EA0-9143-203F5AC39B2B}"
EndProject
Project("{9A19103F-16F7-4668-BE54-9A1E7A4F7556}") = "02.MagicNumbers", "02.MagicNumbers\02.MagicNumbers.csproj", "{972A7474-DA46-49A6-86F9-597081DA2F8B}"
EndProject
Project("{9A19103F-16F7-4668-BE54-9A1E7A4F7556}") = "03.UniquePINCodes", "03.UniquePINCodes\03.UniquePINCodes.csproj", "{AF4C2F1B-0764-422C-AAF6-BF1505B31A89}"
EndProject
Project("{9A19103F-16F7-4668-BE54-9A1E7A4F7556}") = "04.LetterCombinations", "04.LetterCombinations\04.LetterCombinations.csproj", "{D6FBB3D6-7767-42D5-AD4E-965EBBC32939}"
EndProject
Project("{9A19103F-16F7-4668-BE54-9A1E7A4F7556}") = "05.HappyNumbers", "05.HappyNumbers\05.HappyNumbers.csproj", "{0C48104A-6ADB-42FA-AE49-0946C92A36BA}"
EndProject
Project("{FAE04EC0-301F-11D3-BF4B-00C04F79EFBC}") = "06.VowelsCount", "06.VowelsCount\06.VowelsCount.csproj", "{BD50683F-5712-4CCB-BDBB-AF4BBC2D3139}"
EndProject
Project("{FAE04EC0-301F-11D3-BF4B-00C04F79EFBC}") = "08.MultiplicationSign", "08.MultiplicationSign\08.MultiplicationSign.csproj", "{B0EF5955-5063-484F-B5F8-67BF5E17B1AF}"
EndProject
Global
	GlobalSection(SolutionConfigurationPlatforms) = preSolution
		Debug|Any CPU = Debug|Any CPU
		Release|Any CPU = Release|Any CPU
	EndGlobalSection
	GlobalSection(ProjectConfigurationPlatforms) = postSolution
		{2753A92F-B1D1-4EA0-9143-203F5AC39B2B}.Debug|Any CPU.ActiveCfg = Debug|Any CPU
		{2753A92F-B1D1-4EA0-9143-203F5AC39B2B}.Debug|Any CPU.Build.0 = Debug|Any CPU
		{2753A92F-B1D1-4EA0-9143-203F5AC39B2B}.Release|Any CPU.ActiveCfg = Release|Any CPU
		{2753A92F-B1D1-4EA0-9143-203F5AC39B2B}.Release|Any CPU.Build.0 = Release|Any CPU
		{972A7474-DA46-49A6-86F9-597081DA2F8B}.Debug|Any CPU.ActiveCfg = Debug|Any CPU
		{972A7474-DA46-49A6-86F9-597081DA2F8B}.Debug|Any CPU.Build.0 = Debug|Any CPU
		{972A7474-DA46-49A6-86F9-597081DA2F8B}.Release|Any CPU.ActiveCfg = Release|Any CPU
		{972A7474-DA46-49A6-86F9-597081DA2F8B}.Release|Any CPU.Build.0 = Release|Any CPU
		{AF4C2F1B-0764-422C-AAF6-BF1505B31A89}.Debug|Any CPU.ActiveCfg = Debug|Any CPU
		{AF4C2F1B-0764-422C-AAF6-BF1505B31A89}.Debug|Any CPU.Build.0 = Debug|Any CPU
		{AF4C2F1B-0764-422C-AAF6-BF1505B31A89}.Release|Any CPU.ActiveCfg = Release|Any CPU
		{AF4C2F1B-0764-422C-AAF6-BF1505B31A89}.Release|Any CPU.Build.0 = Release|Any CPU
		{D6FBB3D6-7767-42D5-AD4E-965EBBC32939}.Debug|Any CPU.ActiveCfg = Debug|Any CPU
		{D6FBB3D6-7767-42D5-AD4E-965EBBC32939}.Debug|Any CPU.Build.0 = Debug|Any CPU
		{D6FBB3D6-7767-42D5-AD4E-965EBBC32939}.Release|Any CPU.ActiveCfg = Release|Any CPU
		{D6FBB3D6-7767-42D5-AD4E-965EBBC32939}.Release|Any CPU.Build.0 = Release|Any CPU
		{0C48104A-6ADB-42FA-AE49-0946C92A36BA}.Debug|Any CPU.ActiveCfg = Debug|Any CPU
		{0C48104A-6ADB-42FA-AE49-0946C92A36BA}.Debug|Any CPU.Build.0 = Debug|Any CPU
		{0C48104A-6ADB-42FA-AE49-0946C92A36BA}.Release|Any CPU.ActiveCfg = Release|Any CPU
		{0C48104A-6ADB-42FA-AE49-0946C92A36BA}.Release|Any CPU.Build.0 = Release|Any CPU
		{BD50683F-5712-4CCB-BDBB-AF4BBC2D3139}.Debug|Any CPU.ActiveCfg = Debug|Any CPU
		{BD50683F-5712-4CCB-BDBB-AF4BBC2D3139}.Debug|Any CPU.Build.0 = Debug|Any CPU
		{BD50683F-5712-4CCB-BDBB-AF4BBC2D3139}.Release|Any CPU.ActiveCfg = Release|Any CPU
		{BD50683F-5712-4CCB-BDBB-AF4BBC2D3139}.Release|Any CPU.Build.0 = Release|Any CPU
		{B0EF5955-5063-484F-B5F8-67BF5E17B1AF}.Debug|Any CPU.ActiveCfg = Debug|Any CPU
		{B0EF5955-5063-484F-B5F8-67BF5E17B1AF}.Debug|Any CPU.Build.0 = Debug|Any CPU
		{B0EF5955-5063-484F-B5F8-67BF5E17B1AF}.Release|Any CPU.ActiveCfg = Release|Any CPU
		{B0EF5955-5063-484F-B5F8-67BF5E17B1AF}.Release|Any CPU.Build.0 = Release|Any CPU
	EndGlobalSection
	GlobalSection(SolutionProperties) = preSolution
		HideSolutionNode = FALSE
	EndGlobalSection
	GlobalSection(ExtensibilityGlobals) = postSolution
		SolutionGuid = {123DA689-8976-42C3-871D-C33FF68EC5E7}
	EndGlobalSection
EndGlobal
