
Microsoft Visual Studio Solution File, Format Version 12.00
# Visual Studio Version 17
VisualStudioVersion = 17.10.34916.146
MinimumVisualStudioVersion = 10.0.40219.1
Project("{9A19103F-16F7-4668-BE54-9A1E7A4F7556}") = "01.SignOfIntNums", "Exercise\01.SignOfIntNums.csproj", "{2C059BC9-AD63-4A6C-A313-580423C3136D}"
EndProject
Project("{9A19103F-16F7-4668-BE54-9A1E7A4F7556}") = "02.Grades", "02.Grades\02.Grades.csproj", "{D62EFC1D-C600-4CCA-91D4-5688A0DF0613}"
EndProject
Project("{9A19103F-16F7-4668-BE54-9A1E7A4F7556}") = "03.PrintingTriangle", "03.PrintingTriangle\03.PrintingTriangle.csproj", "{931A0FF4-26B6-417F-B207-AC96C07C10D1}"
EndProject
Project("{9A19103F-16F7-4668-BE54-9A1E7A4F7556}") = "04.CalculateRectangleArea", "04.CalculateRectangleArea\04.CalculateRectangleArea.csproj", "{157C9AF7-FDF6-4592-8651-C5C787729993}"
EndProject
Project("{9A19103F-16F7-4668-BE54-9A1E7A4F7556}") = "05.RepeatString", "05.RepeatString\05.RepeatString.csproj", "{5A2D6992-7A90-4D3E-934C-7DC56DFC5CE6}"
EndProject
Project("{FAE04EC0-301F-11D3-BF4B-00C04F79EFBC}") = "06.MathPower", "06.MathPower\06.MathPower.csproj", "{EA821AF3-FC46-42D0-A5ED-A5515C989E14}"
EndProject
Global
	GlobalSection(SolutionConfigurationPlatforms) = preSolution
		Debug|Any CPU = Debug|Any CPU
		Release|Any CPU = Release|Any CPU
	EndGlobalSection
	GlobalSection(ProjectConfigurationPlatforms) = postSolution
		{2C059BC9-AD63-4A6C-A313-580423C3136D}.Debug|Any CPU.ActiveCfg = Debug|Any CPU
		{2C059BC9-AD63-4A6C-A313-580423C3136D}.Debug|Any CPU.Build.0 = Debug|Any CPU
		{2C059BC9-AD63-4A6C-A313-580423C3136D}.Release|Any CPU.ActiveCfg = Release|Any CPU
		{2C059BC9-AD63-4A6C-A313-580423C3136D}.Release|Any CPU.Build.0 = Release|Any CPU
		{D62EFC1D-C600-4CCA-91D4-5688A0DF0613}.Debug|Any CPU.ActiveCfg = Debug|Any CPU
		{D62EFC1D-C600-4CCA-91D4-5688A0DF0613}.Debug|Any CPU.Build.0 = Debug|Any CPU
		{D62EFC1D-C600-4CCA-91D4-5688A0DF0613}.Release|Any CPU.ActiveCfg = Release|Any CPU
		{D62EFC1D-C600-4CCA-91D4-5688A0DF0613}.Release|Any CPU.Build.0 = Release|Any CPU
		{931A0FF4-26B6-417F-B207-AC96C07C10D1}.Debug|Any CPU.ActiveCfg = Debug|Any CPU
		{931A0FF4-26B6-417F-B207-AC96C07C10D1}.Debug|Any CPU.Build.0 = Debug|Any CPU
		{931A0FF4-26B6-417F-B207-AC96C07C10D1}.Release|Any CPU.ActiveCfg = Release|Any CPU
		{931A0FF4-26B6-417F-B207-AC96C07C10D1}.Release|Any CPU.Build.0 = Release|Any CPU
		{157C9AF7-FDF6-4592-8651-C5C787729993}.Debug|Any CPU.ActiveCfg = Debug|Any CPU
		{157C9AF7-FDF6-4592-8651-C5C787729993}.Debug|Any CPU.Build.0 = Debug|Any CPU
		{157C9AF7-FDF6-4592-8651-C5C787729993}.Release|Any CPU.ActiveCfg = Release|Any CPU
		{157C9AF7-FDF6-4592-8651-C5C787729993}.Release|Any CPU.Build.0 = Release|Any CPU
		{5A2D6992-7A90-4D3E-934C-7DC56DFC5CE6}.Debug|Any CPU.ActiveCfg = Debug|Any CPU
		{5A2D6992-7A90-4D3E-934C-7DC56DFC5CE6}.Debug|Any CPU.Build.0 = Debug|Any CPU
		{5A2D6992-7A90-4D3E-934C-7DC56DFC5CE6}.Release|Any CPU.ActiveCfg = Release|Any CPU
		{5A2D6992-7A90-4D3E-934C-7DC56DFC5CE6}.Release|Any CPU.Build.0 = Release|Any CPU
		{EA821AF3-FC46-42D0-A5ED-A5515C989E14}.Debug|Any CPU.ActiveCfg = Debug|Any CPU
		{EA821AF3-FC46-42D0-A5ED-A5515C989E14}.Debug|Any CPU.Build.0 = Debug|Any CPU
		{EA821AF3-FC46-42D0-A5ED-A5515C989E14}.Release|Any CPU.ActiveCfg = Release|Any CPU
		{EA821AF3-FC46-42D0-A5ED-A5515C989E14}.Release|Any CPU.Build.0 = Release|Any CPU
	EndGlobalSection
	GlobalSection(SolutionProperties) = preSolution
		HideSolutionNode = FALSE
	EndGlobalSection
	GlobalSection(ExtensibilityGlobals) = postSolution
		SolutionGuid = {3D69841F-A268-4207-A80F-AE0DDA1E6FA7}
	EndGlobalSection
EndGlobal
